PODS:
  - RealReachability (1.3.0):
    - RealReachability/Connection (= 1.3.0)
    - RealReachability/Ping (= 1.3.0)
  - RealReachability/Connection (1.3.0)
  - RealReachability/Ping (1.3.0)
  - RYJToolKit (0.3.4):
    - RYJToolKit/RYJDate (= 0.3.4)
    - RYJToolKit/RYJLocation (= 0.3.4)
    - RYJToolKit/RYJNetwork (= 0.3.4)
    - RYJToolKit/RYJPermission (= 0.3.4)
    - RYJToolKit/RYJRouter (= 0.3.4)
    - RYJToolKit/RYJTimer (= 0.3.4)
    - RYJToolKit/RYJToolCategory (= 0.3.4)
  - RYJToolKit/RYJDate (0.3.4)
  - RYJToolKit/RYJLocation (0.3.4)
  - RYJToolKit/RYJNetwork (0.3.4):
    - RealReachability
  - RYJToolKit/RYJPermission (0.3.4)
  - RYJToolKit/RYJRouter (0.3.4)
  - RYJToolKit/RYJTimer (0.3.4)
  - RYJToolKit/RYJToolCategory (0.3.4):
    - RYJToolKit/RYJToolCategory/Foundation (= 0.3.4)
    - RYJToolKit/RYJToolCategory/UIKit (= 0.3.4)
  - RYJToolKit/RYJToolCategory/Foundation (0.3.4)
  - RYJToolKit/RYJToolCategory/UIKit (0.3.4):
    - RYJToolKit/RYJToolCategory/Foundation

DEPENDENCIES:
  - RYJToolKit (from `../`)

SPEC REPOS:
  trunk:
    - RealReachability

EXTERNAL SOURCES:
  RYJToolKit:
    :path: "../"

SPEC CHECKSUMS:
  RealReachability: eae9c58d2db52fadd8e1cba4b5d4c028454fbc47
  RYJToolKit: f8dba76cc42d38473188f6907e3571f4e5256ae1

PODFILE CHECKSUM: 4ea56b659cc647fb55199ef1bd596c4e964ab0aa

COCOAPODS: 1.9.1
