PODS:
  - RealReachability (1.3.0):
    - RealReachability/Connection (= 1.3.0)
    - RealReachability/Ping (= 1.3.0)
  - RealReachability/Connection (1.3.0)
  - RealReachability/Ping (1.3.0)
  - RYJToolKit (0.3.3):
    - RYJToolKit/RYJDate (= 0.3.3)
    - RYJToolKit/RYJNetwork (= 0.3.3)
    - RYJToolKit/RYJPermission (= 0.3.3)
    - RYJToolKit/RYJRouter (= 0.3.3)
    - RYJToolKit/RYJTimer (= 0.3.3)
    - RYJToolKit/RYJToolCategory (= 0.3.3)
  - RYJToolKit/RYJDate (0.3.3)
  - RYJToolKit/RYJNetwork (0.3.3):
    - RealReachability
  - RYJToolKit/RYJPermission (0.3.3)
  - RYJToolKit/RYJRouter (0.3.3)
  - RYJToolKit/RYJTimer (0.3.3)
  - RYJToolKit/RYJToolCategory (0.3.3):
    - RYJToolKit/RYJToolCategory/Foundation (= 0.3.3)
    - RYJToolKit/RYJToolCategory/UIKit (= 0.3.3)
  - RYJToolKit/RYJToolCategory/Foundation (0.3.3)
  - RYJToolKit/RYJToolCategory/UIKit (0.3.3):
    - RYJToolKit/RYJToolCategory/Foundation

DEPENDENCIES:
  - RYJToolKit (from `../`)

SPEC REPOS:
  trunk:
    - RealReachability

EXTERNAL SOURCES:
  RYJToolKit:
    :path: "../"

SPEC CHECKSUMS:
  RealReachability: eae9c58d2db52fadd8e1cba4b5d4c028454fbc47
  RYJToolKit: 296f47201859a8cb29c7fd8020e4e99354b9b754

PODFILE CHECKSUM: 4ea56b659cc647fb55199ef1bd596c4e964ab0aa

COCOAPODS: 1.9.1
